# Generated by conda-lock.
# platform: linux-64
# input_hash: 4df7d0595bb084e62c8712699251e849ba28ef4ff897678d9dcc7720aba4c0ee
@EXPLICIT
https://conda.anaconda.org/conda-forge/linux-64/_libgcc_mutex-0.1-conda_forge.tar.bz2#d7c89558ba9fa0495403155b64376d81
https://conda.anaconda.org/conda-forge/linux-64/ca-certificates-2024.12.14-hbcca054_0.conda#720523eb0d6a9b0f6120c16b2aa4e7de
https://conda.anaconda.org/conda-forge/linux-64/python_abi-3.12-5_cp312.conda#0424ae29b104430108f5218a66db7260
https://conda.anaconda.org/conda-forge/noarch/tzdata-2024b-hc8b5060_0.conda#8ac3367aafb1cc0a068483c580af8015
https://conda.anaconda.org/conda-forge/linux-64/ld_impl_linux-64-2.43-h712a8e2_2.conda#048b02e3962f066da18efe3a21b77672
https://conda.anaconda.org/conda-forge/linux-64/libgomp-14.2.0-h77fa898_1.conda#cc3573974587f12dda90d96e3e55a702
https://conda.anaconda.org/conda-forge/linux-64/_openmp_mutex-4.5-2_gnu.tar.bz2#73aaf86a425cc6e73fcf236a5a46396d
https://conda.anaconda.org/conda-forge/linux-64/libgcc-14.2.0-h77fa898_1.conda#3cb76c3f10d3bc7f1105b2fc9db984df
https://conda.anaconda.org/conda-forge/linux-64/c-ares-1.34.4-hb9d3cd8_0.conda#e2775acf57efd5af15b8e3d1d74d72d3
https://conda.anaconda.org/conda-forge/linux-64/libexpat-2.6.4-h5888daf_0.conda#db833e03127376d461e1e13e76f09b6c
https://conda.anaconda.org/conda-forge/linux-64/libgcc-ng-14.2.0-h69a702a_1.conda#e39480b9ca41323497b05492a63bc35b
https://conda.anaconda.org/conda-forge/linux-64/liblzma-5.6.3-hb9d3cd8_1.conda#2ecf2f1c7e4e21fcfe6423a51a992d84
https://conda.anaconda.org/conda-forge/linux-64/libstdcxx-14.2.0-hc0a3c3a_1.conda#234a5554c53625688d51062645337328
https://conda.anaconda.org/conda-forge/linux-64/libzlib-1.3.1-hb9d3cd8_2.conda#edb0dca6bc32e4f4789199455a1dbeb8
https://conda.anaconda.org/conda-forge/linux-64/openssl-3.4.0-hb9d3cd8_0.conda#23cc74f77eb99315c0360ec3533147a9
https://conda.anaconda.org/conda-forge/linux-64/reproc-14.2.5.post0-hb9d3cd8_0.conda#69fbc0a9e42eb5fe6733d2d60d818822
https://conda.anaconda.org/conda-forge/linux-64/bzip2-1.0.8-h4bc722e_7.conda#62ee74e96c5ebb0af99386de58cf9553
https://conda.anaconda.org/conda-forge/linux-64/expat-2.6.4-h5888daf_0.conda#1d6afef758879ef5ee78127eb4cd2c4a
https://conda.anaconda.org/conda-forge/linux-64/keyutils-1.6.1-h166bdaf_0.tar.bz2#30186d27e2c9fa62b45fb1476b7200e3
https://conda.anaconda.org/conda-forge/linux-64/libev-4.33-hd590300_2.conda#172bf1cd1ff8629f2b1179945ed45055
https://conda.anaconda.org/conda-forge/linux-64/libffi-3.4.2-h7f98852_5.tar.bz2#d645c6d2ac96843a2bfaccd2d62b3ac3
https://conda.anaconda.org/conda-forge/linux-64/libiconv-1.17-hd590300_2.conda#d66573916ffcf376178462f1b61c941e
https://conda.anaconda.org/conda-forge/linux-64/libnsl-2.0.1-hd590300_0.conda#30fd6e37fe21f86f4bd26d6ee73eeec7
https://conda.anaconda.org/conda-forge/linux-64/libsqlite-3.47.2-hee588c1_0.conda#b58da17db24b6e08bcbf8fed2fb8c915
https://conda.anaconda.org/conda-forge/linux-64/libssh2-1.11.1-hf672d98_0.conda#be2de152d8073ef1c01b7728475f2fe7
https://conda.anaconda.org/conda-forge/linux-64/libstdcxx-ng-14.2.0-h4852527_1.conda#8371ac6457591af2cf6159439c1fd051
https://conda.anaconda.org/conda-forge/linux-64/libuuid-2.38.1-h0b41bf4_0.conda#40b61aab5c7ba9ff276c41cfffe6b80b
https://conda.anaconda.org/conda-forge/linux-64/libxcrypt-4.4.36-hd590300_1.conda#5aa797f8787fe7a17d1b0821485b5adc
https://conda.anaconda.org/conda-forge/linux-64/lz4-c-1.10.0-h5888daf_1.conda#9de5350a85c4a20c685259b889aa6393
https://conda.anaconda.org/conda-forge/linux-64/lzo-2.10-hd590300_1001.conda#ec7398d21e2651e0dcb0044d03b9a339
https://conda.anaconda.org/conda-forge/linux-64/ncurses-6.5-he02047a_1.conda#70caf8bb6cf39a0b6b7efc885f51c0fe
https://conda.anaconda.org/conda-forge/linux-64/reproc-cpp-14.2.5.post0-h5888daf_0.conda#828302fca535f9cfeb598d5f7c204323
https://conda.anaconda.org/conda-forge/linux-64/simdjson-3.11.3-h84d6215_0.conda#07022fa94660ddedfb4ebc5869026ea6
https://conda.anaconda.org/conda-forge/linux-64/tk-8.6.13-noxft_h4845f30_101.conda#d453b98d9c83e71da0741bb0ff4d76bc
https://conda.anaconda.org/conda-forge/linux-64/yaml-0.2.5-h7f98852_2.tar.bz2#4cb3ad778ec2d5a7acbdf254eb1c42ae
https://conda.anaconda.org/conda-forge/linux-64/cpp-expected-1.1.0-hf52228f_0.conda#a7f1500bf47196443b67355d67afec6d
https://conda.anaconda.org/conda-forge/linux-64/fmt-11.0.2-h434a139_0.conda#995f7e13598497691c1dc476d889bc04
https://conda.anaconda.org/conda-forge/linux-64/libedit-3.1.20191231-he28a2e2_2.tar.bz2#4d331e44109e3f0e19b4cb8f9b82f3e1
https://conda.anaconda.org/conda-forge/linux-64/libnghttp2-1.64.0-h161d5f1_0.conda#19e57602824042dfd0446292ef90488b
https://conda.anaconda.org/conda-forge/linux-64/libsolv-0.7.30-h3509ff9_0.conda#02539b77d25aa4f65b20246549e256c3
https://conda.anaconda.org/conda-forge/linux-64/libxml2-2.13.5-h0d44e9d_1.conda#f5b05674697ae7d2c5932766695945e1
https://conda.anaconda.org/conda-forge/linux-64/nlohmann_json-3.11.3-he02047a_1.conda#e46f7ac4917215b49df2ea09a694a3fa
https://conda.anaconda.org/conda-forge/linux-64/pcre2-10.44-hba22ea6_2.conda#df359c09c41cd186fffb93a2d87aa6f5
https://conda.anaconda.org/conda-forge/linux-64/readline-8.2-h8228510_1.conda#47d31b792659ce70f470b5c82fdfb7a4
https://conda.anaconda.org/conda-forge/linux-64/yaml-cpp-0.8.0-h59595ed_0.conda#965eaacd7c18eb8361fd12bb9e7a57d7
https://conda.anaconda.org/conda-forge/linux-64/zstd-1.5.6-ha6fb4c9_0.conda#4d056880988120e29d75bfff282e0f45
https://conda.anaconda.org/conda-forge/linux-64/krb5-1.21.3-h659f571_0.conda#3f43953b7d3fb3aaa1d0d0723d91e368
https://conda.anaconda.org/conda-forge/linux-64/libarchive-3.7.7-h4585015_3.conda#a28808eae584c7f519943719b2a2b386
https://conda.anaconda.org/conda-forge/linux-64/libglib-2.82.2-h2ff4ddf_0.conda#13e8e54035ddd2b91875ba399f0f7c04
https://conda.anaconda.org/conda-forge/linux-64/python-3.12.8-h9e4cc4f_1_cpython.conda#7fd2fd79436d9b473812f14e86746844
https://conda.anaconda.org/conda-forge/linux-64/spdlog-1.14.1-hed91bc2_1.conda#909188c8979846bac8e586908cf1ca6a
https://conda.anaconda.org/conda-forge/noarch/appdirs-1.4.4-pyhd8ed1ab_1.conda#f4e90937bbfc3a4a92539545a37bb448
https://conda.anaconda.org/conda-forge/linux-64/brotli-python-1.1.0-py312h2ec8cdc_2.conda#b0b867af6fc74b2a0aa206da29c0f3cf
https://conda.anaconda.org/conda-forge/noarch/cachy-0.3.0-pyhd8ed1ab_1.tar.bz2#5dfee17f24e2dfd18d7392b48c9351e2
https://conda.anaconda.org/conda-forge/noarch/certifi-2024.12.14-pyhd8ed1ab_0.conda#6feb87357ecd66733be3279f16a8c400
https://conda.anaconda.org/conda-forge/noarch/charset-normalizer-3.4.0-pyhd8ed1ab_1.conda#6581a17bba6b948bb60130026404a9d6
https://conda.anaconda.org/conda-forge/noarch/cleo-2.2.1-pyhd8ed1ab_0.conda#23b3e6cda72bb4d9e040b8e9c074e5a5
https://conda.anaconda.org/conda-forge/noarch/click-8.1.7-unix_pyh707e725_1.conda#cb8e52f28f5e592598190c562e7b5bf1
https://conda.anaconda.org/conda-forge/noarch/colorama-0.4.6-pyhd8ed1ab_1.conda#962b9857ee8e7018c22f2776ffa0b2d7
https://conda.anaconda.org/conda-forge/noarch/crashtest-0.4.1-pyhd8ed1ab_1.conda#e036e2f76d9c9aebc12510ed23352b6c
https://conda.anaconda.org/conda-forge/linux-64/dbus-1.13.6-h5008d03_3.tar.bz2#ecfff944ba3960ecb334b9a2663d708d
https://conda.anaconda.org/conda-forge/noarch/distlib-0.3.9-pyhd8ed1ab_1.conda#8d88f4a2242e6b96f9ecff9a6a05b2f1
https://conda.anaconda.org/conda-forge/noarch/filelock-3.16.1-pyhd8ed1ab_1.conda#d692e9ba6f92dc51484bf3477e36ce7c
https://conda.anaconda.org/conda-forge/noarch/idna-3.10-pyhd8ed1ab_1.conda#39a4f67be3286c86d696df570b1201b7
https://conda.anaconda.org/conda-forge/noarch/jeepney-0.8.0-pyhd8ed1ab_0.tar.bz2#9800ad1699b42612478755a2d26c722d
https://conda.anaconda.org/conda-forge/linux-64/libcurl-8.11.1-h332b0f4_0.conda#2b3e0081006dc21e8bf53a91c83a055c
https://conda.anaconda.org/conda-forge/linux-64/markupsafe-3.0.2-py312h178313f_1.conda#eb227c3e0bf58f5bd69c0532b157975b
https://conda.anaconda.org/conda-forge/noarch/more-itertools-10.5.0-pyhd8ed1ab_1.conda#206f67a1eccc290e5679bb793c3eb17e
https://conda.anaconda.org/conda-forge/linux-64/msgpack-python-1.1.0-py312h68727a3_0.conda#5c9b020a3f86799cdc6115e55df06146
https://conda.anaconda.org/conda-forge/noarch/packaging-24.2-pyhd8ed1ab_2.conda#3bfed7e6228ebf2f7b9eaa47f1b4e2aa
https://conda.anaconda.org/conda-forge/noarch/pastel-0.2.1-pyhd8ed1ab_0.tar.bz2#a4eea5bff523f26442405bc5d1f52adb
https://conda.anaconda.org/conda-forge/noarch/pip-24.3.1-pyh145f28c_1.conda#04b95993de18684b24bb742ffe0e90a8
https://conda.anaconda.org/conda-forge/noarch/pkginfo-1.12.0-pyhd8ed1ab_1.conda#b52da1d59d874c97dcca251757a368b3
https://conda.anaconda.org/conda-forge/noarch/platformdirs-4.3.6-pyhd8ed1ab_1.conda#577852c7e53901ddccc7e6a9959ddebe
https://conda.anaconda.org/conda-forge/noarch/poetry-core-1.9.1-pyhd8ed1ab_1.conda#87a1f8109aa3ac06bc0a5b93473914ee
https://conda.anaconda.org/conda-forge/noarch/ptyprocess-0.7.0-pyhd8ed1ab_1.conda#7d9daffbb8d8e0af0f769dbbcd173a54
https://conda.anaconda.org/conda-forge/noarch/pycparser-2.22-pyh29332c3_1.conda#12c566707c80111f9799308d9e265aef
https://conda.anaconda.org/conda-forge/noarch/pylev-1.4.0-pyhd8ed1ab_0.tar.bz2#edf8651c4379d9d1495ad6229622d150
https://conda.anaconda.org/conda-forge/noarch/pysocks-1.7.1-pyha55dd90_7.conda#461219d1a5bd61342293efa2c0c90eac
https://conda.anaconda.org/conda-forge/noarch/python-fastjsonschema-2.21.1-pyhd8ed1ab_0.conda#38e34d2d1d9dca4fb2b9a0a04f604e2c
https://conda.anaconda.org/conda-forge/noarch/python-installer-0.7.0-pyhff2d567_1.conda#e27480eebcdf247209e90da706ebef8d
https://conda.anaconda.org/conda-forge/linux-64/pyyaml-6.0.2-py312h66e93f0_1.conda#549e5930e768548a89c23f595dac5a95
https://conda.anaconda.org/conda-forge/linux-64/ruamel.yaml.clib-0.2.8-py312h66e93f0_1.conda#532c3e5d0280be4fea52396ec1fa7d5d
https://conda.anaconda.org/conda-forge/noarch/setuptools-75.6.0-pyhff2d567_1.conda#fc80f7995e396cbaeabd23cf46c413dc
https://conda.anaconda.org/conda-forge/noarch/shellingham-1.5.4-pyhd8ed1ab_1.conda#7c3c2a0f3ebdea2bbc35538d162b43bf
https://conda.anaconda.org/conda-forge/noarch/six-1.17.0-pyhd8ed1ab_0.conda#a451d576819089b0d672f18768be0f65
https://conda.anaconda.org/conda-forge/noarch/smmap-5.0.0-pyhd8ed1ab_0.tar.bz2#62f26a3d1387acee31322208f0cfa3e0
https://conda.anaconda.org/conda-forge/noarch/tomli-2.2.1-pyhd8ed1ab_1.conda#ac944244f1fed2eb49bae07193ae8215
https://conda.anaconda.org/conda-forge/noarch/tomlkit-0.13.2-pyha770c72_1.conda#1d9ab4fc875c52db83f9c9b40af4e2c8
https://conda.anaconda.org/conda-forge/noarch/toolz-0.12.1-pyhd8ed1ab_0.conda#2fcb582444635e2c402e8569bb94e039
https://conda.anaconda.org/conda-forge/noarch/trove-classifiers-2024.10.21.16-pyhd8ed1ab_1.conda#dfaeba73b8a87a63f238fae64447e7c6
https://conda.anaconda.org/conda-forge/noarch/typing_extensions-4.12.2-pyha770c72_1.conda#d17f13df8b65464ca316cbc000a3cb64
https://conda.anaconda.org/conda-forge/noarch/webencodings-0.5.1-pyhd8ed1ab_3.conda#2841eb5bfc75ce15e9a0054b98dcd64d
https://conda.anaconda.org/conda-forge/noarch/zipp-3.21.0-pyhd8ed1ab_1.conda#0c3cc595284c5e8f0f9900a9b228a332
https://conda.anaconda.org/conda-forge/linux-64/cffi-1.17.1-py312h06ac9bb_0.conda#a861504bbea4161a9170b85d4d2be840
https://conda.anaconda.org/conda-forge/noarch/click-default-group-1.2.4-pyhd8ed1ab_1.conda#7cd83dd6831b61ad9624a694e4afd7dc
https://conda.anaconda.org/conda-forge/noarch/clikit-0.6.2-pyhd8ed1ab_2.conda#02abb7b66b02e8b9f5a9b05454400087
https://conda.anaconda.org/conda-forge/noarch/gitdb-4.0.11-pyhd8ed1ab_1.conda#9d3a3c39dd982332dab2aac113492013
https://conda.anaconda.org/conda-forge/noarch/html5lib-1.1-pyhd8ed1ab_2.conda#cf25bfddbd3bc275f3d3f9936cee1dd3
https://conda.anaconda.org/conda-forge/noarch/importlib-metadata-8.5.0-pyha770c72_1.conda#315607a3030ad5d5227e76e0733798ff
https://conda.anaconda.org/conda-forge/noarch/importlib_resources-6.4.5-pyhd8ed1ab_1.conda#15798fa69312d433af690c8c42b3fb36
https://conda.anaconda.org/conda-forge/noarch/jaraco.classes-3.4.0-pyhd8ed1ab_2.conda#ade6b25a6136661dadd1a43e4350b10b
https://conda.anaconda.org/conda-forge/noarch/jinja2-3.1.4-pyhd8ed1ab_1.conda#08cce3151bde4ecad7885bd9fb647532
https://conda.anaconda.org/conda-forge/linux-64/libmamba-2.0.5-hf72d635_0.conda#1de1d013e67b627adc17f9a426d4487d
https://conda.anaconda.org/conda-forge/noarch/pexpect-4.9.0-pyhd8ed1ab_1.conda#d0d408b1f18883a944376da5cf8101ea
https://conda.anaconda.org/conda-forge/noarch/pyproject_hooks-1.2.0-pyhd8ed1ab_1.conda#d4582021af437c931d7d77ec39007845
https://conda.anaconda.org/conda-forge/linux-64/ruamel.yaml-0.18.6-py312h66e93f0_1.conda#28ed869ade5601ee374934a31c9d628e
https://conda.anaconda.org/conda-forge/noarch/typing-extensions-4.12.2-hd8ed1ab_1.conda#b6a408c64b78ec7b779a3e5c7a902433
https://conda.anaconda.org/conda-forge/noarch/urllib3-1.26.19-pyhd8ed1ab_0.conda#6bb37c314b3cc1515dcf086ffe01c46e
https://conda.anaconda.org/conda-forge/noarch/virtualenv-20.28.0-pyhd8ed1ab_0.conda#1d601bc1d28b5ce6d112b90f4b9b8ede
https://conda.anaconda.org/conda-forge/noarch/annotated-types-0.7.0-pyhd8ed1ab_1.conda#2934f256a8acfe48f6ebb4fce6cde29c
https://conda.anaconda.org/conda-forge/linux-64/cryptography-44.0.0-py312hda17c39_0.conda#50052304026b6f33fdd34563ee4b47b8
https://conda.anaconda.org/conda-forge/linux-64/dulwich-0.21.7-py312h66e93f0_1.conda#7225eb6781aa051484589e13bb8e88c5
https://conda.anaconda.org/conda-forge/noarch/gitpython-3.1.43-pyhff2d567_1.conda#23867f6f9fcd2fb9e9ce6427addf01ae
https://conda.anaconda.org/conda-forge/linux-64/mamba-2.0.5-hfdd0a45_0.conda#e7e71d794351291a54749595807841ce
https://conda.anaconda.org/conda-forge/linux-64/pydantic-core-2.27.1-py312h12e396e_0.conda#114030cb28527db2c385f07038e914c8
https://conda.anaconda.org/conda-forge/noarch/python-build-1.2.2.post1-pyhff2d567_1.conda#0903621fe8a9f37286596529528f4f74
https://conda.anaconda.org/conda-forge/noarch/requests-2.32.3-pyhd8ed1ab_1.conda#a9b9368f3701a417eac9edbcae7cb737
https://conda.anaconda.org/conda-forge/noarch/cachecontrol-0.14.1-pyha770c72_1.conda#b3b049a1447c3501a135a92dd35c0526
https://conda.anaconda.org/conda-forge/noarch/ensureconda-1.4.4-pyhd8ed1ab_0.conda#e54a91c3a65491b13c68f7696425bac8
https://conda.anaconda.org/conda-forge/noarch/pydantic-2.10.3-pyh3cfb1c2_0.conda#194ef7f91286978521350f171b117f01
https://conda.anaconda.org/conda-forge/noarch/requests-toolbelt-1.0.0-pyhd8ed1ab_1.conda#66de8645e324fda0ea6ef28c2f99a2ab
https://conda.anaconda.org/conda-forge/linux-64/secretstorage-3.3.3-py312h7900ff3_3.conda#4840da9db2808db946a0d979603c6de4
https://conda.anaconda.org/conda-forge/noarch/cachecontrol-with-filecache-0.14.1-pyhd8ed1ab_1.conda#88f312072540464f2906ffe6b3cbbb6c
https://conda.anaconda.org/conda-forge/noarch/keyring-24.3.1-pyha804496_1.conda#b316b0f73ba0ab970d45b179e0c4c041
https://conda.anaconda.org/conda-forge/noarch/conda-lock-2.5.7-pyhd8ed1ab_0.conda#154d0c643be6a9ce6fbe655d007d8e4e
https://conda.anaconda.org/conda-forge/noarch/poetry-1.8.5-pyha804496_0.conda#528f30caa8073dc3d1dccaa1945d5d77
https://conda.anaconda.org/conda-forge/noarch/poetry-plugin-export-1.8.0-pyhd8ed1ab_1.conda#c4879582684cf4037f0aa20c81ab09cd
