# Generated by conda-lock.
# platform: win-64
# input_hash: e6ecf68915205f502a98db37ec4db51f3a45249bade3878132b709cc92b5f124
@EXPLICIT
https://conda.anaconda.org/conda-forge/win-64/ca-certificates-2025.1.31-h56e8100_0.conda#5304a31607974dfc2110dfbb662ed092
https://conda.anaconda.org/conda-forge/win-64/intel-openmp-2024.2.1-h57928b3_1083.conda#2d89243bfb53652c182a7c73182cce4f
https://conda.anaconda.org/conda-forge/win-64/python_abi-3.12-5_cp312.conda#e8681f534453af7afab4cd2bc1423eec
https://conda.anaconda.org/conda-forge/noarch/tzdata-2025b-h78e105d_0.conda#4222072737ccff51314b5ece9c7d6f5a
https://conda.anaconda.org/conda-forge/win-64/ucrt-10.0.22621.0-h57928b3_1.conda#6797b005cd0f439c4c5c9ac565783700
https://conda.anaconda.org/conda-forge/win-64/libwinpthread-12.0.0.r4.gg4f2fc60ca-h57928b3_9.conda#08bfa5da6e242025304b206d152479ef
https://conda.anaconda.org/conda-forge/win-64/vc14_runtime-14.42.34438-hfd919c2_24.conda#5fceb7d965d59955888d9a9732719aa8
https://conda.anaconda.org/conda-forge/win-64/vc-14.3-hbf610ac_24.conda#9098c5cfb418fc0b0204bf2efc1e9afa
https://conda.anaconda.org/conda-forge/win-64/vs2015_runtime-14.42.34438-h7142326_24.conda#1dd2e838eb13190ae1f1e2760c036fdc
https://conda.anaconda.org/conda-forge/win-64/bzip2-1.0.8-h2466b09_7.conda#276e7ffe9ffe39688abc665ef0f45596
https://conda.anaconda.org/conda-forge/win-64/cpp-expected-1.1.0-h91493d7_0.conda#0b8cf67931527709c28c8d97eeee745b
https://conda.anaconda.org/conda-forge/win-64/fmt-11.0.2-h7f575de_0.conda#4bd427b6423eead4edea9533dc5381ba
https://conda.anaconda.org/conda-forge/win-64/libexpat-2.6.4-he0c23c2_0.conda#eb383771c680aa792feb529eaf9df82f
https://conda.anaconda.org/conda-forge/win-64/libffi-3.4.6-h537db12_0.conda#31d5107f75b2f204937728417e2e39e5
https://conda.anaconda.org/conda-forge/win-64/libiconv-1.18-h135ad9c_1.conda#21fc5dba2cbcd8e5e26ff976a312122c
https://conda.anaconda.org/conda-forge/win-64/liblzma-5.6.4-h2466b09_0.conda#c48f6ad0ef0a555b27b233dfcab46a90
https://conda.anaconda.org/conda-forge/win-64/libsqlite-3.49.1-h67fdade_2.conda#b58b66d4ad1aaf1c2543cbbd6afb1a59
https://conda.anaconda.org/conda-forge/win-64/libzlib-1.3.1-h2466b09_2.conda#41fbfac52c601159df6c01f875de31b9
https://conda.anaconda.org/conda-forge/win-64/lz4-c-1.10.0-h2466b09_1.conda#0b69331897a92fac3d8923549d48d092
https://conda.anaconda.org/conda-forge/win-64/lzo-2.10-hcfcfb64_1001.conda#629f4f4e874cf096eb93a23240910cee
https://conda.anaconda.org/conda-forge/win-64/nlohmann_json-3.11.3-he0c23c2_1.conda#340cbb4ab78c90cd9d08f826ad22aed2
https://conda.anaconda.org/conda-forge/win-64/openssl-3.4.1-ha4e3fda_0.conda#0730f8094f7088592594f9bf3ae62b3f
https://conda.anaconda.org/conda-forge/win-64/reproc-14.2.5.post0-h2466b09_0.conda#c3ca4c18c99a3b9832e11b11af227713
https://conda.anaconda.org/conda-forge/win-64/simdjson-3.12.2-hc790b64_0.conda#61346d314ee782c5b56d87077c2b8c36
https://conda.anaconda.org/conda-forge/win-64/tk-8.6.13-h5226925_1.conda#fc048363eb8f03cd1737600a5d08aafe
https://conda.anaconda.org/conda-forge/win-64/yaml-0.2.5-h8ffe710_2.tar.bz2#adbfb9f45d1004a26763652246a33764
https://conda.anaconda.org/conda-forge/win-64/yaml-cpp-0.8.0-h63175ca_0.conda#9032e2129ea7afcc1a8e3d85715a931d
https://conda.anaconda.org/conda-forge/win-64/krb5-1.21.3-hdf4eb48_0.conda#31aec030344e962fbd7dbbbbd68e60a9
https://conda.anaconda.org/conda-forge/win-64/libsolv-0.7.30-hbb528cf_0.conda#8394b4531cef34f46297f73286a35a39
https://conda.anaconda.org/conda-forge/win-64/libssh2-1.11.1-he619c9f_0.conda#af0cbf037dd614c34399b3b3e568c557
https://conda.anaconda.org/conda-forge/win-64/libxml2-2.13.6-he286e8c_0.conda#c66d5bece33033a9c028bbdf1e627ec5
https://conda.anaconda.org/conda-forge/win-64/python-3.12.9-h3f84c4b_1_cpython.conda#f0a0ad168b815fee4ce9718d4e6c1925
https://conda.anaconda.org/conda-forge/win-64/reproc-cpp-14.2.5.post0-he0c23c2_0.conda#d2ce31fa746dddeb37f24f32da0969e9
https://conda.anaconda.org/conda-forge/win-64/spdlog-1.15.1-hf4138ee_0.conda#cfbc396d49e61c43f56178d082166df7
https://conda.anaconda.org/conda-forge/win-64/zstd-1.5.7-hbeecb71_2.conda#21f56217d6125fb30c3c3f10c786d751
https://conda.anaconda.org/conda-forge/noarch/appdirs-1.4.4-pyhd8ed1ab_1.conda#f4e90937bbfc3a4a92539545a37bb448
https://conda.anaconda.org/conda-forge/noarch/backports-1.0-pyhd8ed1ab_5.conda#767d508c1a67e02ae8f50e44cacfadb2
https://conda.anaconda.org/conda-forge/win-64/brotli-python-1.1.0-py312h275cf98_2.conda#a99aec1ac46794a5fb1cd3cf5d2b6110
https://conda.anaconda.org/conda-forge/noarch/cachy-0.3.0-pyhd8ed1ab_2.conda#1efe226b868cf59b8330356c37c8186e
https://conda.anaconda.org/conda-forge/noarch/certifi-2025.1.31-pyhd8ed1ab_0.conda#c207fa5ac7ea99b149344385a9c0880d
https://conda.anaconda.org/conda-forge/noarch/charset-normalizer-3.4.1-pyhd8ed1ab_0.conda#e83a31202d1c0a000fce3e9cf3825875
https://conda.anaconda.org/conda-forge/noarch/colorama-0.4.6-pyhd8ed1ab_1.conda#962b9857ee8e7018c22f2776ffa0b2d7
https://conda.anaconda.org/conda-forge/noarch/crashtest-0.4.1-pyhd8ed1ab_1.conda#e036e2f76d9c9aebc12510ed23352b6c
https://conda.anaconda.org/conda-forge/noarch/distlib-0.3.9-pyhd8ed1ab_1.conda#8d88f4a2242e6b96f9ecff9a6a05b2f1
https://conda.anaconda.org/conda-forge/noarch/exceptiongroup-1.2.2-pyhd8ed1ab_1.conda#a16662747cdeb9abbac74d0057cc976e
https://conda.anaconda.org/conda-forge/noarch/filelock-3.18.0-pyhd8ed1ab_0.conda#4547b39256e296bb758166893e909a7c
https://conda.anaconda.org/conda-forge/noarch/hpack-4.1.0-pyhd8ed1ab_0.conda#0a802cb9888dd14eeefc611f05c40b6e
https://conda.anaconda.org/conda-forge/noarch/hyperframe-6.1.0-pyhd8ed1ab_0.conda#8e6923fc12f1fe8f8c4e5c9f343256ac
https://conda.anaconda.org/conda-forge/noarch/idna-3.10-pyhd8ed1ab_1.conda#39a4f67be3286c86d696df570b1201b7
https://conda.anaconda.org/conda-forge/win-64/libarchive-3.7.7-h979ed78_3.conda#7c29b6918c2aa6a44ed32e2cf816da7b
https://conda.anaconda.org/conda-forge/win-64/libcurl-8.12.1-h88aaa65_0.conda#2b1c729d91f3b07502981b6e0c7727cc
https://conda.anaconda.org/conda-forge/win-64/libhwloc-2.11.2-default_ha69328c_1001.conda#b87a0ac5ab6495d8225db5dc72dd21cd
https://conda.anaconda.org/conda-forge/win-64/markupsafe-3.0.2-py312h31fea79_1.conda#944fdd848abfbd6929e57c790b8174dd
https://conda.anaconda.org/conda-forge/noarch/more-itertools-10.6.0-pyhd8ed1ab_0.conda#9b1225d67235df5411dbd2c94a5876b7
https://conda.anaconda.org/conda-forge/win-64/msgpack-python-1.1.0-py312hd5eb7cc_0.conda#ff4f1e63a6438a06d1ab259936e5c2ac
https://conda.anaconda.org/conda-forge/noarch/packaging-24.2-pyhd8ed1ab_2.conda#3bfed7e6228ebf2f7b9eaa47f1b4e2aa
https://conda.anaconda.org/conda-forge/noarch/pastel-0.2.1-pyhd8ed1ab_0.tar.bz2#a4eea5bff523f26442405bc5d1f52adb
https://conda.anaconda.org/conda-forge/noarch/pbs-installer-2025.3.17-pyhd8ed1ab_0.conda#08da397179ec9f6b62f44dac0566e98b
https://conda.anaconda.org/conda-forge/noarch/pkginfo-1.12.1.2-pyhd8ed1ab_0.conda#dc702b2fae7ebe770aff3c83adb16b63
https://conda.anaconda.org/conda-forge/noarch/platformdirs-4.3.7-pyh29332c3_0.conda#e57da6fe54bb3a5556cf36d199ff07d8
https://conda.anaconda.org/conda-forge/noarch/poetry-core-2.1.1-pyhd8ed1ab_0.conda#0a6a1718e84d1e7fd71386a13620eeee
https://conda.anaconda.org/conda-forge/noarch/pycparser-2.22-pyh29332c3_1.conda#12c566707c80111f9799308d9e265aef
https://conda.anaconda.org/conda-forge/noarch/pylev-1.4.0-pyhd8ed1ab_0.tar.bz2#edf8651c4379d9d1495ad6229622d150
https://conda.anaconda.org/conda-forge/noarch/python-fastjsonschema-2.21.1-pyhd8ed1ab_0.conda#38e34d2d1d9dca4fb2b9a0a04f604e2c
https://conda.anaconda.org/conda-forge/noarch/python-installer-0.7.0-pyhff2d567_1.conda#e27480eebcdf247209e90da706ebef8d
https://conda.anaconda.org/conda-forge/win-64/pywin32-ctypes-0.2.3-py312h2e8e312_1.conda#c5f1cb65c56ec74687801960f8a31eb5
https://conda.anaconda.org/conda-forge/win-64/pyyaml-6.0.2-py312h31fea79_2.conda#ba00a2e5059c1fde96459858537cc8f5
https://conda.anaconda.org/conda-forge/win-64/ruamel.yaml.clib-0.2.8-py312h4389bb4_1.conda#5758e70a80936d7527f70196685c6695
https://conda.anaconda.org/conda-forge/noarch/setuptools-75.8.2-pyhff2d567_0.conda#9bddfdbf4e061821a1a443f93223be61
https://conda.anaconda.org/conda-forge/noarch/shellingham-1.5.4-pyhd8ed1ab_1.conda#7c3c2a0f3ebdea2bbc35538d162b43bf
https://conda.anaconda.org/conda-forge/noarch/six-1.17.0-pyhd8ed1ab_0.conda#a451d576819089b0d672f18768be0f65
https://conda.anaconda.org/conda-forge/noarch/smmap-5.0.2-pyhd8ed1ab_0.conda#87f47a78808baf2fa1ea9c315a1e48f1
https://conda.anaconda.org/conda-forge/noarch/sniffio-1.3.1-pyhd8ed1ab_1.conda#bf7a226e58dfb8346c70df36065d86c9
https://conda.anaconda.org/conda-forge/noarch/tomli-2.2.1-pyhd8ed1ab_1.conda#ac944244f1fed2eb49bae07193ae8215
https://conda.anaconda.org/conda-forge/noarch/tomlkit-0.13.2-pyha770c72_1.conda#1d9ab4fc875c52db83f9c9b40af4e2c8
https://conda.anaconda.org/conda-forge/noarch/toolz-0.12.1-pyhd8ed1ab_0.conda#2fcb582444635e2c402e8569bb94e039
https://conda.anaconda.org/conda-forge/noarch/trove-classifiers-2025.3.19.19-pyhd8ed1ab_0.conda#4601bd3e415bf63bca30d00353a9440d
https://conda.anaconda.org/conda-forge/noarch/typing_extensions-4.12.2-pyha770c72_1.conda#d17f13df8b65464ca316cbc000a3cb64
https://conda.anaconda.org/conda-forge/noarch/webencodings-0.5.1-pyhd8ed1ab_3.conda#2841eb5bfc75ce15e9a0054b98dcd64d
https://conda.anaconda.org/conda-forge/noarch/wheel-0.45.1-pyhd8ed1ab_1.conda#75cb7132eb58d97896e173ef12ac9986
https://conda.anaconda.org/conda-forge/noarch/win_inet_pton-1.1.0-pyh7428d3b_8.conda#46e441ba871f524e2b067929da3051c2
https://conda.anaconda.org/conda-forge/noarch/zipp-3.21.0-pyhd8ed1ab_1.conda#0c3cc595284c5e8f0f9900a9b228a332
https://conda.anaconda.org/conda-forge/noarch/anyio-4.9.0-pyh29332c3_0.conda#9749a2c77a7c40d432ea0927662d7e52
https://conda.anaconda.org/conda-forge/noarch/backports.tarfile-1.2.0-pyhd8ed1ab_1.conda#df837d654933488220b454c6a3b0fad6
https://conda.anaconda.org/conda-forge/win-64/cffi-1.17.1-py312h4389bb4_0.conda#08310c1a22ef957d537e547f8d484f92
https://conda.anaconda.org/conda-forge/noarch/click-8.1.8-pyh7428d3b_0.conda#90e5571556f7a45db92ee51cb8f97af6
https://conda.anaconda.org/conda-forge/noarch/clikit-0.6.2-pyhd8ed1ab_3.conda#37e178bf9356122c35005a62d850e5d9
https://conda.anaconda.org/conda-forge/noarch/findpython-0.6.3-pyhff2d567_0.conda#f2bfd30939d15a4669f7c775db0a847f
https://conda.anaconda.org/conda-forge/noarch/gitdb-4.0.12-pyhd8ed1ab_0.conda#7c14f3706e099f8fcd47af2d494616cc
https://conda.anaconda.org/conda-forge/noarch/h11-0.14.0-pyhd8ed1ab_1.conda#7ee49e89531c0dcbba9466f6d115d585
https://conda.anaconda.org/conda-forge/noarch/h2-4.2.0-pyhd8ed1ab_0.conda#b4754fb1bdcb70c8fd54f918301582c6
https://conda.anaconda.org/conda-forge/noarch/html5lib-1.1-pyhd8ed1ab_2.conda#cf25bfddbd3bc275f3d3f9936cee1dd3
https://conda.anaconda.org/conda-forge/noarch/importlib-metadata-8.6.1-pyha770c72_0.conda#f4b39bf00c69f56ac01e020ebfac066c
https://conda.anaconda.org/conda-forge/noarch/importlib_resources-6.5.2-pyhd8ed1ab_0.conda#c85c76dc67d75619a92f51dfbce06992
https://conda.anaconda.org/conda-forge/noarch/jaraco.classes-3.4.0-pyhd8ed1ab_2.conda#ade6b25a6136661dadd1a43e4350b10b
https://conda.anaconda.org/conda-forge/noarch/jaraco.functools-4.1.0-pyhd8ed1ab_0.conda#eb257d223050a5a27f5fdf5c9debc8ec
https://conda.anaconda.org/conda-forge/noarch/jinja2-3.1.6-pyhd8ed1ab_0.conda#446bd6c8cb26050d528881df495ce646
https://conda.anaconda.org/conda-forge/win-64/libmamba-2.0.8-h630e368_0.conda#a9a1c4df8d2dce86e665d570ecc93cfe
https://conda.anaconda.org/conda-forge/noarch/pip-25.0.1-pyh8b19718_0.conda#79b5c1440aedc5010f687048d9103628
https://conda.anaconda.org/conda-forge/noarch/pyproject_hooks-1.2.0-pyhd8ed1ab_1.conda#d4582021af437c931d7d77ec39007845
https://conda.anaconda.org/conda-forge/noarch/pysocks-1.7.1-pyh09c184e_7.conda#e2fd202833c4a981ce8a65974fe4abd1
https://conda.anaconda.org/conda-forge/win-64/ruamel.yaml-0.18.10-py312h4389bb4_0.conda#a5d15fd8ca166ab55225e6cfa8cb51f0
https://conda.anaconda.org/conda-forge/win-64/tbb-2021.13.0-h62715c5_1.conda#9190dd0a23d925f7602f9628b3aed511
https://conda.anaconda.org/conda-forge/noarch/typing-extensions-4.12.2-hd8ed1ab_1.conda#b6a408c64b78ec7b779a3e5c7a902433
https://conda.anaconda.org/conda-forge/noarch/virtualenv-20.29.3-pyhd8ed1ab_0.conda#87a2061465e55be9a997dd8cf8b5a578
https://conda.anaconda.org/conda-forge/noarch/annotated-types-0.7.0-pyhd8ed1ab_1.conda#2934f256a8acfe48f6ebb4fce6cde29c
https://conda.anaconda.org/conda-forge/noarch/click-default-group-1.2.4-pyhd8ed1ab_1.conda#7cd83dd6831b61ad9624a694e4afd7dc
https://conda.anaconda.org/conda-forge/noarch/gitpython-3.1.44-pyhff2d567_0.conda#140a4e944f7488467872e562a2a52789
https://conda.anaconda.org/conda-forge/noarch/httpcore-1.0.7-pyh29332c3_1.conda#2ca8e6dbc86525c8b95e3c0ffa26442e
https://conda.anaconda.org/conda-forge/noarch/jaraco.context-6.0.1-pyhd8ed1ab_0.conda#bcc023a32ea1c44a790bbf1eae473486
https://conda.anaconda.org/conda-forge/win-64/mamba-2.0.8-he282079_0.conda#44daee688cb11dd73db906ae2a683daf
https://conda.anaconda.org/conda-forge/win-64/mkl-2024.2.2-h66d3029_15.conda#302dff2807f2927b3e9e0d19d60121de
https://conda.anaconda.org/conda-forge/win-64/pydantic-core-2.27.2-py312h2615798_0.conda#8ed894b023eef681ce86e4d0fb06ee60
https://conda.anaconda.org/conda-forge/noarch/python-build-1.2.2.post1-pyhff2d567_1.conda#0903621fe8a9f37286596529528f4f74
https://conda.anaconda.org/conda-forge/noarch/urllib3-1.26.19-pyhd8ed1ab_0.conda#6bb37c314b3cc1515dcf086ffe01c46e
https://conda.anaconda.org/conda-forge/win-64/zstandard-0.23.0-py312h4389bb4_1.conda#5028543ffb67666ca4fc3ebd620c97b8
https://conda.anaconda.org/conda-forge/win-64/dulwich-0.22.8-py312h2615798_0.conda#0e62536b1ba8be72f0b44a98d538a0af
https://conda.anaconda.org/conda-forge/noarch/httpx-0.28.1-pyhd8ed1ab_0.conda#d6989ead454181f4f9bc987d3dc4e285
https://conda.anaconda.org/conda-forge/noarch/keyring-25.6.0-pyh7428d3b_0.conda#4fa149bfac931bd5a059b9d9d0039c16
https://conda.anaconda.org/conda-forge/win-64/libblas-3.9.0-31_h641d27c_mkl.conda#d05563c577fe2f37693a554b3f271e8f
https://conda.anaconda.org/conda-forge/noarch/pydantic-2.10.6-pyh3cfb1c2_0.conda#c69f87041cf24dfc8cb6bf64ca7133c7
https://conda.anaconda.org/conda-forge/noarch/requests-2.32.3-pyhd8ed1ab_1.conda#a9b9368f3701a417eac9edbcae7cb737
https://conda.anaconda.org/conda-forge/noarch/cachecontrol-0.14.2-pyha770c72_0.conda#df6a1180171318e6a58c206c38ff66fd
https://conda.anaconda.org/conda-forge/noarch/ensureconda-1.4.4-pyhd8ed1ab_1.conda#a18423d4b24e6480165a38f102ca8b49
https://conda.anaconda.org/conda-forge/win-64/libcblas-3.9.0-31_h5e41251_mkl.conda#43c100b94ad2607382b0cf0f3a6b0bf3
https://conda.anaconda.org/conda-forge/win-64/liblapack-3.9.0-31_h1aa476e_mkl.conda#40b47ee720a185289760960fc6185750
https://conda.anaconda.org/conda-forge/noarch/requests-toolbelt-1.0.0-pyhd8ed1ab_1.conda#66de8645e324fda0ea6ef28c2f99a2ab
https://conda.anaconda.org/conda-forge/noarch/cachecontrol-with-filecache-0.14.2-pyhd8ed1ab_0.conda#193d7362ba6d1b551ffe7b1da103f47f
https://conda.anaconda.org/conda-forge/win-64/numpy-2.2.4-py312h3150e54_0.conda#e668b8543944b4d80aaa9c904f3821ee
https://conda.anaconda.org/conda-forge/noarch/conda-lock-2.5.7-pyhd8ed1ab_1.conda#518d59879a7ba4f3972109e8666860b2
https://conda.anaconda.org/conda-forge/win-64/rapidfuzz-3.12.2-py312h275cf98_0.conda#03f9fa3a233efeabb4040a31415caec1
https://conda.anaconda.org/conda-forge/noarch/cleo-2.1.0-pyhd8ed1ab_1.conda#0bbf06825d478dc823a7cea431b9108c
https://conda.anaconda.org/conda-forge/noarch/poetry-2.1.1-pyh7428d3b_0.conda#e9db2ba2f2e48aaab53b23dd83d60dc6
