# Generated by conda-lock.
# platform: osx-64
# input_hash: 4502afca68118e2766e60b27e023ddd14a1f507b877540f290341d3c5bb79314
@EXPLICIT
https://conda.anaconda.org/conda-forge/osx-64/ca-certificates-2025.1.31-h8857fd0_0.conda#3418b6c8cac3e71c0bc089fc5ea53042
https://conda.anaconda.org/conda-forge/osx-64/libev-4.33-h10d778d_2.conda#899db79329439820b7e8f8de41bca902
https://conda.anaconda.org/conda-forge/osx-64/lzo-2.10-h10d778d_1001.conda#bfecd73e4a2dc18ffd5288acf8a212ab
https://conda.anaconda.org/conda-forge/osx-64/python_abi-3.12-5_cp312.conda#c34dd4920e0addf7cfcc725809f25d8e
https://conda.anaconda.org/conda-forge/noarch/tzdata-2025b-h78e105d_0.conda#4222072737ccff51314b5ece9c7d6f5a
https://conda.anaconda.org/conda-forge/osx-64/yaml-0.2.5-h0d85af4_2.tar.bz2#d7e08fcf8259d742156188e8762b4d20
https://conda.anaconda.org/conda-forge/osx-64/bzip2-1.0.8-hfdf4475_7.conda#7ed4301d437b59045be7e051a0308211
https://conda.anaconda.org/conda-forge/osx-64/c-ares-1.34.4-hf13058a_0.conda#133255af67aaf1e0c0468cc753fd800b
https://conda.anaconda.org/conda-forge/osx-64/libcxx-20.1.1-hf95d169_0.conda#85cff0ed95d940c4762d5a99a6fe34ae
https://conda.anaconda.org/conda-forge/osx-64/libexpat-2.6.4-h240833e_0.conda#20307f4049a735a78a29073be1be2626
https://conda.anaconda.org/conda-forge/osx-64/libffi-3.4.6-h281671d_0.conda#b8667b0d0400b8dcb6844d8e06b2027d
https://conda.anaconda.org/conda-forge/osx-64/libiconv-1.18-h4b5e92a_1.conda#6283140d7b2b55b6b095af939b71b13f
https://conda.anaconda.org/conda-forge/osx-64/liblzma-5.6.4-hd471939_0.conda#db9d7b0152613f097cdb61ccf9f70ef5
https://conda.anaconda.org/conda-forge/osx-64/libzlib-1.3.1-hd23fc13_2.conda#003a54a4e32b02f7355b50a837e699da
https://conda.anaconda.org/conda-forge/osx-64/llvm-openmp-20.1.1-ha54dae1_1.conda#a1c6289fb8ae152b8cb53a535639c2c7
https://conda.anaconda.org/conda-forge/osx-64/ncurses-6.5-h0622a9a_3.conda#ced34dd9929f491ca6dab6a2927aff25
https://conda.anaconda.org/conda-forge/osx-64/openssl-3.4.1-hc426f3f_0.conda#a7d63f8e7ab23f71327ea6d27e2d5eae
https://conda.anaconda.org/conda-forge/osx-64/reproc-14.2.5.post0-h6e16a3a_0.conda#eda18d4a7dce3831016086a482965345
https://conda.anaconda.org/conda-forge/osx-64/cpp-expected-1.1.0-hb8565cd_0.conda#53c16c2f79183b459ef6acb6c93f3550
https://conda.anaconda.org/conda-forge/osx-64/fmt-11.0.2-h3c5361c_0.conda#e8070546e8739040383f6774e0cd4033
https://conda.anaconda.org/conda-forge/osx-64/libedit-3.1.20250104-pl5321ha958ccf_0.conda#1f4ed31220402fcddc083b4bff406868
https://conda.anaconda.org/conda-forge/osx-64/libgfortran5-14.2.0-h51e75f0_1.conda#9e089ae71e7caca1565af0b632027d4d
https://conda.anaconda.org/conda-forge/osx-64/libnghttp2-1.64.0-hc7306c3_0.conda#ab21007194b97beade22ceb7a3f6fee5
https://conda.anaconda.org/conda-forge/osx-64/libsolv-0.7.30-h69d5d9b_0.conda#8f8fd9f1740c8cb7dcfebf1a1ed7e678
https://conda.anaconda.org/conda-forge/osx-64/libsqlite-3.49.1-hdb6dae5_2.conda#1819e770584a7e83a81541d8253cbabe
https://conda.anaconda.org/conda-forge/osx-64/libssh2-1.11.1-h3dc7d44_0.conda#b1caec4561059e43a5d056684c5a2de0
https://conda.anaconda.org/conda-forge/osx-64/libxml2-2.13.6-he8ee3e7_0.conda#0f7ae42cd61056bfb1298f53caaddbc7
https://conda.anaconda.org/conda-forge/osx-64/lz4-c-1.10.0-h240833e_1.conda#d6b9bd7e356abd7e3a633d59b753495a
https://conda.anaconda.org/conda-forge/osx-64/nlohmann_json-3.11.3-hf036a51_1.conda#00c3efa95b3a010ee85bc36aac6ab2f6
https://conda.anaconda.org/conda-forge/osx-64/readline-8.2-h7cca4af_2.conda#342570f8e02f2f022147a7f841475784
https://conda.anaconda.org/conda-forge/osx-64/reproc-cpp-14.2.5.post0-h240833e_0.conda#420229341978751bd96faeced92c200e
https://conda.anaconda.org/conda-forge/osx-64/simdjson-3.12.2-h9275861_0.conda#ebf0bed97515ce08afc53ff15e08b9fc
https://conda.anaconda.org/conda-forge/osx-64/tk-8.6.13-h1abcd95_1.conda#bf830ba5afc507c6232d4ef0fb1a882d
https://conda.anaconda.org/conda-forge/osx-64/yaml-cpp-0.8.0-he965462_0.conda#1bb3addc859ed1338370da6e2996ef47
https://conda.anaconda.org/conda-forge/osx-64/zstd-1.5.7-h8210216_2.conda#cd60a4a5a8d6a476b30d8aa4bb49251a
https://conda.anaconda.org/conda-forge/osx-64/krb5-1.21.3-h37d8d59_0.conda#d4765c524b1d91567886bde656fb514b
https://conda.anaconda.org/conda-forge/osx-64/libarchive-3.7.7-h1a33361_3.conda#5cc55f063de099a537a56c4db2e8d58d
https://conda.anaconda.org/conda-forge/osx-64/libgfortran-5.0.0-14_2_0_h51e75f0_1.conda#e8b6b4962db050d7923e2cee3efff446
https://conda.anaconda.org/conda-forge/osx-64/python-3.12.9-h9ccd52b_1_cpython.conda#b878567b6b749f993dbdbc2834115bc3
https://conda.anaconda.org/conda-forge/osx-64/spdlog-1.15.1-h65da0ee_0.conda#869e2924e6f2f44803b550b7059e7395
https://conda.anaconda.org/conda-forge/noarch/appdirs-1.4.4-pyhd8ed1ab_1.conda#f4e90937bbfc3a4a92539545a37bb448
https://conda.anaconda.org/conda-forge/noarch/backports-1.0-pyhd8ed1ab_5.conda#767d508c1a67e02ae8f50e44cacfadb2
https://conda.anaconda.org/conda-forge/osx-64/brotli-python-1.1.0-py312h5861a67_2.conda#b95025822e43128835826ec0cc45a551
https://conda.anaconda.org/conda-forge/noarch/cachy-0.3.0-pyhd8ed1ab_2.conda#1efe226b868cf59b8330356c37c8186e
https://conda.anaconda.org/conda-forge/noarch/certifi-2025.1.31-pyhd8ed1ab_0.conda#c207fa5ac7ea99b149344385a9c0880d
https://conda.anaconda.org/conda-forge/noarch/charset-normalizer-3.4.1-pyhd8ed1ab_0.conda#e83a31202d1c0a000fce3e9cf3825875
https://conda.anaconda.org/conda-forge/noarch/click-8.1.8-pyh707e725_0.conda#f22f4d4970e09d68a10b922cbb0408d3
https://conda.anaconda.org/conda-forge/noarch/colorama-0.4.6-pyhd8ed1ab_1.conda#962b9857ee8e7018c22f2776ffa0b2d7
https://conda.anaconda.org/conda-forge/noarch/crashtest-0.4.1-pyhd8ed1ab_1.conda#e036e2f76d9c9aebc12510ed23352b6c
https://conda.anaconda.org/conda-forge/noarch/distlib-0.3.9-pyhd8ed1ab_1.conda#8d88f4a2242e6b96f9ecff9a6a05b2f1
https://conda.anaconda.org/conda-forge/noarch/exceptiongroup-1.2.2-pyhd8ed1ab_1.conda#a16662747cdeb9abbac74d0057cc976e
https://conda.anaconda.org/conda-forge/noarch/filelock-3.18.0-pyhd8ed1ab_0.conda#4547b39256e296bb758166893e909a7c
https://conda.anaconda.org/conda-forge/noarch/hpack-4.1.0-pyhd8ed1ab_0.conda#0a802cb9888dd14eeefc611f05c40b6e
https://conda.anaconda.org/conda-forge/noarch/hyperframe-6.1.0-pyhd8ed1ab_0.conda#8e6923fc12f1fe8f8c4e5c9f343256ac
https://conda.anaconda.org/conda-forge/noarch/idna-3.10-pyhd8ed1ab_1.conda#39a4f67be3286c86d696df570b1201b7
https://conda.anaconda.org/conda-forge/osx-64/libcurl-8.12.1-h5dec5d8_0.conda#b39e6b74b4eb475eacdfd463fce82138
https://conda.anaconda.org/conda-forge/osx-64/libopenblas-0.3.29-openmp_hbf64a52_0.conda#a30dc52b2a8b6300f17eaabd2f940d41
https://conda.anaconda.org/conda-forge/osx-64/markupsafe-3.0.2-py312h3520af0_1.conda#32d6bc2407685d7e2d8db424f42018c6
https://conda.anaconda.org/conda-forge/noarch/more-itertools-10.6.0-pyhd8ed1ab_0.conda#9b1225d67235df5411dbd2c94a5876b7
https://conda.anaconda.org/conda-forge/osx-64/msgpack-python-1.1.0-py312hc5c4d5f_0.conda#3448a4ca65790764c2f8d44d5f917f84
https://conda.anaconda.org/conda-forge/noarch/packaging-24.2-pyhd8ed1ab_2.conda#3bfed7e6228ebf2f7b9eaa47f1b4e2aa
https://conda.anaconda.org/conda-forge/noarch/pastel-0.2.1-pyhd8ed1ab_0.tar.bz2#a4eea5bff523f26442405bc5d1f52adb
https://conda.anaconda.org/conda-forge/noarch/pbs-installer-2025.3.17-pyhd8ed1ab_0.conda#08da397179ec9f6b62f44dac0566e98b
https://conda.anaconda.org/conda-forge/noarch/pkginfo-1.12.1.2-pyhd8ed1ab_0.conda#dc702b2fae7ebe770aff3c83adb16b63
https://conda.anaconda.org/conda-forge/noarch/platformdirs-4.3.7-pyh29332c3_0.conda#e57da6fe54bb3a5556cf36d199ff07d8
https://conda.anaconda.org/conda-forge/noarch/poetry-core-2.1.1-pyhd8ed1ab_0.conda#0a6a1718e84d1e7fd71386a13620eeee
https://conda.anaconda.org/conda-forge/noarch/pycparser-2.22-pyh29332c3_1.conda#12c566707c80111f9799308d9e265aef
https://conda.anaconda.org/conda-forge/noarch/pylev-1.4.0-pyhd8ed1ab_0.tar.bz2#edf8651c4379d9d1495ad6229622d150
https://conda.anaconda.org/conda-forge/noarch/pysocks-1.7.1-pyha55dd90_7.conda#461219d1a5bd61342293efa2c0c90eac
https://conda.anaconda.org/conda-forge/noarch/python-fastjsonschema-2.21.1-pyhd8ed1ab_0.conda#38e34d2d1d9dca4fb2b9a0a04f604e2c
https://conda.anaconda.org/conda-forge/noarch/python-installer-0.7.0-pyhff2d567_1.conda#e27480eebcdf247209e90da706ebef8d
https://conda.anaconda.org/conda-forge/osx-64/pyyaml-6.0.2-py312h3520af0_2.conda#4a2d83ac55752681d54f781534ddd209
https://conda.anaconda.org/conda-forge/osx-64/ruamel.yaml.clib-0.2.8-py312h3d0f464_1.conda#f4c0464f98dabcd65064e89991c3c9c2
https://conda.anaconda.org/conda-forge/noarch/setuptools-75.8.2-pyhff2d567_0.conda#9bddfdbf4e061821a1a443f93223be61
https://conda.anaconda.org/conda-forge/noarch/shellingham-1.5.4-pyhd8ed1ab_1.conda#7c3c2a0f3ebdea2bbc35538d162b43bf
https://conda.anaconda.org/conda-forge/noarch/six-1.17.0-pyhd8ed1ab_0.conda#a451d576819089b0d672f18768be0f65
https://conda.anaconda.org/conda-forge/noarch/smmap-5.0.2-pyhd8ed1ab_0.conda#87f47a78808baf2fa1ea9c315a1e48f1
https://conda.anaconda.org/conda-forge/noarch/sniffio-1.3.1-pyhd8ed1ab_1.conda#bf7a226e58dfb8346c70df36065d86c9
https://conda.anaconda.org/conda-forge/noarch/tomli-2.2.1-pyhd8ed1ab_1.conda#ac944244f1fed2eb49bae07193ae8215
https://conda.anaconda.org/conda-forge/noarch/tomlkit-0.13.2-pyha770c72_1.conda#1d9ab4fc875c52db83f9c9b40af4e2c8
https://conda.anaconda.org/conda-forge/noarch/toolz-0.12.1-pyhd8ed1ab_0.conda#2fcb582444635e2c402e8569bb94e039
https://conda.anaconda.org/conda-forge/noarch/trove-classifiers-2025.3.19.19-pyhd8ed1ab_0.conda#4601bd3e415bf63bca30d00353a9440d
https://conda.anaconda.org/conda-forge/noarch/typing_extensions-4.12.2-pyha770c72_1.conda#d17f13df8b65464ca316cbc000a3cb64
https://conda.anaconda.org/conda-forge/noarch/webencodings-0.5.1-pyhd8ed1ab_3.conda#2841eb5bfc75ce15e9a0054b98dcd64d
https://conda.anaconda.org/conda-forge/noarch/wheel-0.45.1-pyhd8ed1ab_1.conda#75cb7132eb58d97896e173ef12ac9986
https://conda.anaconda.org/conda-forge/noarch/zipp-3.21.0-pyhd8ed1ab_1.conda#0c3cc595284c5e8f0f9900a9b228a332
https://conda.anaconda.org/conda-forge/noarch/anyio-4.9.0-pyh29332c3_0.conda#9749a2c77a7c40d432ea0927662d7e52
https://conda.anaconda.org/conda-forge/noarch/backports.tarfile-1.2.0-pyhd8ed1ab_1.conda#df837d654933488220b454c6a3b0fad6
https://conda.anaconda.org/conda-forge/osx-64/cffi-1.17.1-py312hf857d28_0.conda#5bbc69b8194fedc2792e451026cac34f
https://conda.anaconda.org/conda-forge/noarch/click-default-group-1.2.4-pyhd8ed1ab_1.conda#7cd83dd6831b61ad9624a694e4afd7dc
https://conda.anaconda.org/conda-forge/noarch/clikit-0.6.2-pyhd8ed1ab_3.conda#37e178bf9356122c35005a62d850e5d9
https://conda.anaconda.org/conda-forge/noarch/findpython-0.6.3-pyhff2d567_0.conda#f2bfd30939d15a4669f7c775db0a847f
https://conda.anaconda.org/conda-forge/noarch/gitdb-4.0.12-pyhd8ed1ab_0.conda#7c14f3706e099f8fcd47af2d494616cc
https://conda.anaconda.org/conda-forge/noarch/h11-0.14.0-pyhd8ed1ab_1.conda#7ee49e89531c0dcbba9466f6d115d585
https://conda.anaconda.org/conda-forge/noarch/h2-4.2.0-pyhd8ed1ab_0.conda#b4754fb1bdcb70c8fd54f918301582c6
https://conda.anaconda.org/conda-forge/noarch/html5lib-1.1-pyhd8ed1ab_2.conda#cf25bfddbd3bc275f3d3f9936cee1dd3
https://conda.anaconda.org/conda-forge/noarch/importlib-metadata-8.6.1-pyha770c72_0.conda#f4b39bf00c69f56ac01e020ebfac066c
https://conda.anaconda.org/conda-forge/noarch/importlib_resources-6.5.2-pyhd8ed1ab_0.conda#c85c76dc67d75619a92f51dfbce06992
https://conda.anaconda.org/conda-forge/noarch/jaraco.classes-3.4.0-pyhd8ed1ab_2.conda#ade6b25a6136661dadd1a43e4350b10b
https://conda.anaconda.org/conda-forge/noarch/jaraco.functools-4.1.0-pyhd8ed1ab_0.conda#eb257d223050a5a27f5fdf5c9debc8ec
https://conda.anaconda.org/conda-forge/noarch/jinja2-3.1.6-pyhd8ed1ab_0.conda#446bd6c8cb26050d528881df495ce646
https://conda.anaconda.org/conda-forge/osx-64/libblas-3.9.0-31_h7f60823_openblas.conda#a8c1c9f95d1c46d67028a6146c1ea77c
https://conda.anaconda.org/conda-forge/osx-64/libmamba-2.0.8-h10bde34_0.conda#c857628629e0cc93ffb87dc32b0a321f
https://conda.anaconda.org/conda-forge/noarch/pip-25.0.1-pyh8b19718_0.conda#79b5c1440aedc5010f687048d9103628
https://conda.anaconda.org/conda-forge/noarch/pyproject_hooks-1.2.0-pyhd8ed1ab_1.conda#d4582021af437c931d7d77ec39007845
https://conda.anaconda.org/conda-forge/osx-64/ruamel.yaml-0.18.10-py312h01d7ebd_0.conda#e6fb89d650ea648b6be3bf2fa5026523
https://conda.anaconda.org/conda-forge/noarch/typing-extensions-4.12.2-hd8ed1ab_1.conda#b6a408c64b78ec7b779a3e5c7a902433
https://conda.anaconda.org/conda-forge/noarch/urllib3-1.26.19-pyhd8ed1ab_0.conda#6bb37c314b3cc1515dcf086ffe01c46e
https://conda.anaconda.org/conda-forge/noarch/virtualenv-20.29.3-pyhd8ed1ab_0.conda#87a2061465e55be9a997dd8cf8b5a578
https://conda.anaconda.org/conda-forge/noarch/annotated-types-0.7.0-pyhd8ed1ab_1.conda#2934f256a8acfe48f6ebb4fce6cde29c
https://conda.anaconda.org/conda-forge/osx-64/dulwich-0.22.8-py312h0d0de52_0.conda#a750670854e1002a56cfe26110bc4078
https://conda.anaconda.org/conda-forge/noarch/gitpython-3.1.44-pyhff2d567_0.conda#140a4e944f7488467872e562a2a52789
https://conda.anaconda.org/conda-forge/noarch/httpcore-1.0.7-pyh29332c3_1.conda#2ca8e6dbc86525c8b95e3c0ffa26442e
https://conda.anaconda.org/conda-forge/noarch/jaraco.context-6.0.1-pyhd8ed1ab_0.conda#bcc023a32ea1c44a790bbf1eae473486
https://conda.anaconda.org/conda-forge/osx-64/libcblas-3.9.0-31_hff6cab4_openblas.conda#c655cc2b0c48ec454f7a4db92415d012
https://conda.anaconda.org/conda-forge/osx-64/liblapack-3.9.0-31_h236ab99_openblas.conda#d0f3bc17e0acef003cb9d9195a205888
https://conda.anaconda.org/conda-forge/osx-64/mamba-2.0.8-h88cbde9_0.conda#2e8ce91ab652b535b5081c103fefe90a
https://conda.anaconda.org/conda-forge/osx-64/pydantic-core-2.27.2-py312h0d0de52_0.conda#e66079d3a6df307a882cedfe113eb5a1
https://conda.anaconda.org/conda-forge/noarch/python-build-1.2.2.post1-pyhff2d567_1.conda#0903621fe8a9f37286596529528f4f74
https://conda.anaconda.org/conda-forge/noarch/requests-2.32.3-pyhd8ed1ab_1.conda#a9b9368f3701a417eac9edbcae7cb737
https://conda.anaconda.org/conda-forge/osx-64/xattr-1.1.0-py312hb553811_1.conda#f093b8d6d8997050fde1ea68e9de05d7
https://conda.anaconda.org/conda-forge/osx-64/zstandard-0.23.0-py312h01d7ebd_1.conda#493516415601e57f73bda23e91dda742
https://conda.anaconda.org/conda-forge/noarch/cachecontrol-0.14.2-pyha770c72_0.conda#df6a1180171318e6a58c206c38ff66fd
https://conda.anaconda.org/conda-forge/noarch/ensureconda-1.4.4-pyhd8ed1ab_1.conda#a18423d4b24e6480165a38f102ca8b49
https://conda.anaconda.org/conda-forge/noarch/httpx-0.28.1-pyhd8ed1ab_0.conda#d6989ead454181f4f9bc987d3dc4e285
https://conda.anaconda.org/conda-forge/noarch/keyring-25.6.0-pyh534df25_0.conda#d2c0c5bda93c249f877c7fceea9e63af
https://conda.anaconda.org/conda-forge/osx-64/numpy-2.2.4-py312h6693b03_0.conda#5ac6821ebd39e56eb3e32149340ab51c
https://conda.anaconda.org/conda-forge/noarch/pydantic-2.10.6-pyh3cfb1c2_0.conda#c69f87041cf24dfc8cb6bf64ca7133c7
https://conda.anaconda.org/conda-forge/noarch/requests-toolbelt-1.0.0-pyhd8ed1ab_1.conda#66de8645e324fda0ea6ef28c2f99a2ab
https://conda.anaconda.org/conda-forge/noarch/cachecontrol-with-filecache-0.14.2-pyhd8ed1ab_0.conda#193d7362ba6d1b551ffe7b1da103f47f
https://conda.anaconda.org/conda-forge/osx-64/rapidfuzz-3.12.2-py312haafddd8_0.conda#91e836cc408853ca628a0625560ce8dc
https://conda.anaconda.org/conda-forge/noarch/cleo-2.1.0-pyhd8ed1ab_1.conda#0bbf06825d478dc823a7cea431b9108c
https://conda.anaconda.org/conda-forge/noarch/conda-lock-2.5.7-pyhd8ed1ab_1.conda#518d59879a7ba4f3972109e8666860b2
https://conda.anaconda.org/conda-forge/noarch/poetry-2.1.1-pyh534df25_0.conda#0953332b930d982f18aac3888e8943d7
